
Microsoft Visual Studio Solution File, Format Version 12.00
# Visual Studio 15
VisualStudioVersion = 15.0.28307.168
MinimumVisualStudioVersion = 10.0.40219.1
Project("{FAE04EC0-301F-11D3-BF4B-00C04F79EFBC}") = "ChatWCFClient", "Client\ChatWCFClient\ChatWCFClient.csproj", "{DD5AC176-2F8A-4CE0-92F9-4A37E08606A0}"
EndProject
Project("{FAE04EC0-301F-11D3-BF4B-00C04F79EFBC}") = "ChatClientApp", "Client\ChatClientApp\ChatClientApp.csproj", "{1D522D01-A274-470A-AC01-87B04883403B}"
EndProject
Global
	GlobalSection(SolutionConfigurationPlatforms) = preSolution
		Debug|Any CPU = Debug|Any CPU
		Release|Any CPU = Release|Any CPU
	EndGlobalSection
	GlobalSection(ProjectConfigurationPlatforms) = postSolution
		{DD5AC176-2F8A-4CE0-92F9-4A37E08606A0}.Debug|Any CPU.ActiveCfg = Debug|Any CPU
		{DD5AC176-2F8A-4CE0-92F9-4A37E08606A0}.Debug|Any CPU.Build.0 = Debug|Any CPU
		{DD5AC176-2F8A-4CE0-92F9-4A37E08606A0}.Release|Any CPU.ActiveCfg = Release|Any CPU
		{DD5AC176-2F8A-4CE0-92F9-4A37E08606A0}.Release|Any CPU.Build.0 = Release|Any CPU
		{1D522D01-A274-470A-AC01-87B04883403B}.Debug|Any CPU.ActiveCfg = Debug|Any CPU
		{1D522D01-A274-470A-AC01-87B04883403B}.Debug|Any CPU.Build.0 = Debug|Any CPU
		{1D522D01-A274-470A-AC01-87B04883403B}.Release|Any CPU.ActiveCfg = Release|Any CPU
		{1D522D01-A274-470A-AC01-87B04883403B}.Release|Any CPU.Build.0 = Release|Any CPU
	EndGlobalSection
	GlobalSection(SolutionProperties) = preSolution
		HideSolutionNode = FALSE
	EndGlobalSection
	GlobalSection(ExtensibilityGlobals) = postSolution
		SolutionGuid = {792746E3-AD18-49A8-82F7-21732F96AC44}
	EndGlobalSection
EndGlobal
